
Microsoft Visual Studio Solution File, Format Version 12.00
# Visual Studio Version 16
VisualStudioVersion = 16.0.30907.101
MinimumVisualStudioVersion = 10.0.40219.1
Project("{FAE04EC0-301F-11D3-BF4B-00C04F79EFBC}") = "ParcAuto", "ParcAuto\ParcAuto.csproj", "{B828C243-132D-41A6-8140-1F2E0986DAD3}"
EndProject
Global
	GlobalSection(SolutionConfigurationPlatforms) = preSolution
		Debug|Any CPU = Debug|Any CPU
		Release|Any CPU = Release|Any CPU
	EndGlobalSection
	GlobalSection(ProjectConfigurationPlatforms) = postSolution
		{B828C243-132D-41A6-8140-1F2E0986DAD3}.Debug|Any CPU.ActiveCfg = Debug|Any CPU
		{B828C243-132D-41A6-8140-1F2E0986DAD3}.Debug|Any CPU.Build.0 = Debug|Any CPU
		{B828C243-132D-41A6-8140-1F2E0986DAD3}.Release|Any CPU.ActiveCfg = Release|Any CPU
		{B828C243-132D-41A6-8140-1F2E0986DAD3}.Release|Any CPU.Build.0 = Release|Any CPU
	EndGlobalSection
	GlobalSection(SolutionProperties) = preSolution
		HideSolutionNode = FALSE
	EndGlobalSection
	GlobalSection(ExtensibilityGlobals) = postSolution
		SolutionGuid = {BF370D4C-E8BA-4C3C-92BF-03F619168B86}
	EndGlobalSection
EndGlobal
